// !$*UTF8*$!
{
	archiveVersion = 1;
	classes = {
	};
	objectVersion = 46;
	objects = {

/* Begin PBXBuildFile section */
		189C11AC163B8E53009120B8 /* XGlobalCore.m in Sources */ = {isa = PBXBuildFile; fileRef = 189C11AB163B8E53009120B8 /* XGlobalCore.m */; };
		189C11B0163BA089009120B8 /* X20.m in Sources */ = {isa = PBXBuildFile; fileRef = 189C11AF163BA089009120B8 /* X20.m */; };
		189C11B3163BA362009120B8 /* XGlobalCoreLocale.m in Sources */ = {isa = PBXBuildFile; fileRef = 189C11B2163BA362009120B8 /* XGlobalCoreLocale.m */; };
		189C11B7163BAA47009120B8 /* XDebug.m in Sources */ = {isa = PBXBuildFile; fileRef = 189C11B6163BAA47009120B8 /* XDebug.m */; };
		189C11BF163BEB5F009120B8 /* SenTestingKit.framework in Frameworks */ = {isa = PBXBuildFile; fileRef = 189C11BE163BEB5F009120B8 /* SenTestingKit.framework */; };
		189C11C0163BEB5F009120B8 /* UIKit.framework in Frameworks */ = {isa = PBXBuildFile; fileRef = 18AEFF4816359EC7005EF160 /* UIKit.framework */; };
		189C11C1163BEB5F009120B8 /* Foundation.framework in Frameworks */ = {isa = PBXBuildFile; fileRef = 18AEFF4A16359EC7005EF160 /* Foundation.framework */; };
		189C11C7163BEB5F009120B8 /* InfoPlist.strings in Resources */ = {isa = PBXBuildFile; fileRef = 189C11C5163BEB5F009120B8 /* InfoPlist.strings */; };
		189C11CA163BEB5F009120B8 /* X20UnitTest.m in Sources */ = {isa = PBXBuildFile; fileRef = 189C11C9163BEB5F009120B8 /* X20UnitTest.m */; };
		189C11D1163C07C5009120B8 /* XGlobalCorePaths.m in Sources */ = {isa = PBXBuildFile; fileRef = 189C11D0163C07C5009120B8 /* XGlobalCorePaths.m */; };
		189C11D4163C2DCB009120B8 /* XGlobalCoreRects.m in Sources */ = {isa = PBXBuildFile; fileRef = 189C11D3163C2DCA009120B8 /* XGlobalCoreRects.m */; };
		189D4930163EE06F00A1A104 /* XAvailability.m in Sources */ = {isa = PBXBuildFile; fileRef = 189D492F163EE06F00A1A104 /* XAvailability.m */; };
		18A21F081642CC2E004C93DF /* NSArrayAdditions.m in Sources */ = {isa = PBXBuildFile; fileRef = 18A21F071642CC2E004C93DF /* NSArrayAdditions.m */; };
		18A3A255164811BE00C19086 /* NSObjectAdditions.m in Sources */ = {isa = PBXBuildFile; fileRef = 18A3A254164811BE00C19086 /* NSObjectAdditions.m */; };
		18AEEF1D16528DF1008D245A /* NSDataAdditions.m in Sources */ = {isa = PBXBuildFile; fileRef = 18AEEF1C16528DF1008D245A /* NSDataAdditions.m */; };
		18AEFF4916359EC7005EF160 /* UIKit.framework in Frameworks */ = {isa = PBXBuildFile; fileRef = 18AEFF4816359EC7005EF160 /* UIKit.framework */; };
		18AEFF4B16359EC7005EF160 /* Foundation.framework in Frameworks */ = {isa = PBXBuildFile; fileRef = 18AEFF4A16359EC7005EF160 /* Foundation.framework */; };
		18AEFF4D16359EC7005EF160 /* CoreGraphics.framework in Frameworks */ = {isa = PBXBuildFile; fileRef = 18AEFF4C16359EC7005EF160 /* CoreGraphics.framework */; };
		18AEFF5316359EC7005EF160 /* InfoPlist.strings in Resources */ = {isa = PBXBuildFile; fileRef = 18AEFF5116359EC7005EF160 /* InfoPlist.strings */; };
		18AEFF5516359EC7005EF160 /* main.m in Sources */ = {isa = PBXBuildFile; fileRef = 18AEFF5416359EC7005EF160 /* main.m */; };
		18AEFF5916359EC7005EF160 /* AppDelegate.m in Sources */ = {isa = PBXBuildFile; fileRef = 18AEFF5816359EC7005EF160 /* AppDelegate.m */; };
		18AEFF5B16359EC7005EF160 /* Default.png in Resources */ = {isa = PBXBuildFile; fileRef = 18AEFF5A16359EC7005EF160 /* Default.png */; };
		18AEFF5D16359EC7005EF160 /* Default@2x.png in Resources */ = {isa = PBXBuildFile; fileRef = 18AEFF5C16359EC7005EF160 /* Default@2x.png */; };
		18AEFF5F16359EC7005EF160 /* Default-568h@2x.png in Resources */ = {isa = PBXBuildFile; fileRef = 18AEFF5E16359EC7005EF160 /* Default-568h@2x.png */; };
		18AEFF6216359EC7005EF160 /* FirstViewController.m in Sources */ = {isa = PBXBuildFile; fileRef = 18AEFF6116359EC7005EF160 /* FirstViewController.m */; };
		18AEFF6416359EC7005EF160 /* first.png in Resources */ = {isa = PBXBuildFile; fileRef = 18AEFF6316359EC7005EF160 /* first.png */; };
		18AEFF6616359EC7005EF160 /* first@2x.png in Resources */ = {isa = PBXBuildFile; fileRef = 18AEFF6516359EC7005EF160 /* first@2x.png */; };
		18AEFF6916359EC7005EF160 /* SecondViewController.m in Sources */ = {isa = PBXBuildFile; fileRef = 18AEFF6816359EC7005EF160 /* SecondViewController.m */; };
		18AEFF6B16359EC7005EF160 /* second.png in Resources */ = {isa = PBXBuildFile; fileRef = 18AEFF6A16359EC7005EF160 /* second.png */; };
		18AEFF6D16359EC7005EF160 /* second@2x.png in Resources */ = {isa = PBXBuildFile; fileRef = 18AEFF6C16359EC7005EF160 /* second@2x.png */; };
		18AEFF7016359EC7005EF160 /* FirstViewController.xib in Resources */ = {isa = PBXBuildFile; fileRef = 18AEFF6E16359EC7005EF160 /* FirstViewController.xib */; };
		18AEFF7316359EC7005EF160 /* SecondViewController.xib in Resources */ = {isa = PBXBuildFile; fileRef = 18AEFF7116359EC7005EF160 /* SecondViewController.xib */; };
		18FCB87E16622D1E004A04A3 /* NSDateAdditions.m in Sources */ = {isa = PBXBuildFile; fileRef = 18FCB87D16622D1E004A04A3 /* NSDateAdditions.m */; };
		2E9B3FDB163A7DB100954BA2 /* X20Version.m in Sources */ = {isa = PBXBuildFile; fileRef = 2E9B3FDA163A7DB100954BA2 /* X20Version.m */; };
		2EA2768A1663754B0024F353 /* NSMutableArrayAdditions.m in Sources */ = {isa = PBXBuildFile; fileRef = 2EA276891663754A0024F353 /* NSMutableArrayAdditions.m */; };
		2EA2768D166398440024F353 /* NSMutableDictionaryAdditions.m in Sources */ = {isa = PBXBuildFile; fileRef = 2EA2768C166398440024F353 /* NSMutableDictionaryAdditions.m */; };
/* End PBXBuildFile section */

/* Begin PBXFileReference section */
		189C11AA163B8E53009120B8 /* XGlobalCore.h */ = {isa = PBXFileReference; fileEncoding = 4; lastKnownFileType = sourcecode.c.h; name = XGlobalCore.h; path = XLib/XCore/Global/XGlobalCore.h; sourceTree = "<group>"; };
		189C11AB163B8E53009120B8 /* XGlobalCore.m */ = {isa = PBXFileReference; fileEncoding = 4; lastKnownFileType = sourcecode.c.objc; name = XGlobalCore.m; path = XLib/XCore/Global/XGlobalCore.m; sourceTree = "<group>"; };
		189C11AE163BA089009120B8 /* X20.h */ = {isa = PBXFileReference; fileEncoding = 4; lastKnownFileType = sourcecode.c.h; name = X20.h; path = XLib/XCore/Global/X20.h; sourceTree = "<group>"; };
		189C11AF163BA089009120B8 /* X20.m */ = {isa = PBXFileReference; fileEncoding = 4; lastKnownFileType = sourcecode.c.objc; name = X20.m; path = XLib/XCore/Global/X20.m; sourceTree = "<group>"; };
		189C11B1163BA362009120B8 /* XGlobalCoreLocale.h */ = {isa = PBXFileReference; fileEncoding = 4; lastKnownFileType = sourcecode.c.h; name = XGlobalCoreLocale.h; path = XLib/XCore/Global/XGlobalCoreLocale.h; sourceTree = "<group>"; };
		189C11B2163BA362009120B8 /* XGlobalCoreLocale.m */ = {isa = PBXFileReference; fileEncoding = 4; lastKnownFileType = sourcecode.c.objc; name = XGlobalCoreLocale.m; path = XLib/XCore/Global/XGlobalCoreLocale.m; sourceTree = "<group>"; };
		189C11B5163BAA47009120B8 /* XDebug.h */ = {isa = PBXFileReference; fileEncoding = 4; lastKnownFileType = sourcecode.c.h; name = XDebug.h; path = XLib/XCore/Debug/XDebug.h; sourceTree = "<group>"; };
		189C11B6163BAA47009120B8 /* XDebug.m */ = {isa = PBXFileReference; fileEncoding = 4; lastKnownFileType = sourcecode.c.objc; name = XDebug.m; path = XLib/XCore/Debug/XDebug.m; sourceTree = "<group>"; };
		189C11BD163BEB5F009120B8 /* X20UnitTest.octest */ = {isa = PBXFileReference; explicitFileType = wrapper.cfbundle; includeInIndex = 0; path = X20UnitTest.octest; sourceTree = BUILT_PRODUCTS_DIR; };
		189C11BE163BEB5F009120B8 /* SenTestingKit.framework */ = {isa = PBXFileReference; lastKnownFileType = wrapper.framework; name = SenTestingKit.framework; path = Library/Frameworks/SenTestingKit.framework; sourceTree = DEVELOPER_DIR; };
		189C11C4163BEB5F009120B8 /* X20UnitTest-Info.plist */ = {isa = PBXFileReference; lastKnownFileType = text.plist.xml; path = "X20UnitTest-Info.plist"; sourceTree = "<group>"; };
		189C11C6163BEB5F009120B8 /* en */ = {isa = PBXFileReference; lastKnownFileType = text.plist.strings; name = en; path = en.lproj/InfoPlist.strings; sourceTree = "<group>"; };
		189C11C8163BEB5F009120B8 /* X20UnitTest.h */ = {isa = PBXFileReference; lastKnownFileType = sourcecode.c.h; path = X20UnitTest.h; sourceTree = "<group>"; };
		189C11C9163BEB5F009120B8 /* X20UnitTest.m */ = {isa = PBXFileReference; lastKnownFileType = sourcecode.c.objc; path = X20UnitTest.m; sourceTree = "<group>"; };
		189C11CB163BEB5F009120B8 /* X20UnitTest-Prefix.pch */ = {isa = PBXFileReference; lastKnownFileType = sourcecode.c.h; path = "X20UnitTest-Prefix.pch"; sourceTree = "<group>"; };
		189C11CF163C07C4009120B8 /* XGlobalCorePaths.h */ = {isa = PBXFileReference; fileEncoding = 4; lastKnownFileType = sourcecode.c.h; name = XGlobalCorePaths.h; path = XLib/XCore/Global/XGlobalCorePaths.h; sourceTree = "<group>"; };
		189C11D0163C07C5009120B8 /* XGlobalCorePaths.m */ = {isa = PBXFileReference; fileEncoding = 4; lastKnownFileType = sourcecode.c.objc; name = XGlobalCorePaths.m; path = XLib/XCore/Global/XGlobalCorePaths.m; sourceTree = "<group>"; };
		189C11D2163C2DC9009120B8 /* XGlobalCoreRects.h */ = {isa = PBXFileReference; fileEncoding = 4; lastKnownFileType = sourcecode.c.h; name = XGlobalCoreRects.h; path = XLib/XCore/Global/XGlobalCoreRects.h; sourceTree = "<group>"; };
		189C11D3163C2DCA009120B8 /* XGlobalCoreRects.m */ = {isa = PBXFileReference; fileEncoding = 4; lastKnownFileType = sourcecode.c.objc; name = XGlobalCoreRects.m; path = XLib/XCore/Global/XGlobalCoreRects.m; sourceTree = "<group>"; };
		189D492E163EE06F00A1A104 /* XAvailability.h */ = {isa = PBXFileReference; fileEncoding = 4; lastKnownFileType = sourcecode.c.h; name = XAvailability.h; path = XLib/XCore/Global/XAvailability.h; sourceTree = "<group>"; };
		189D492F163EE06F00A1A104 /* XAvailability.m */ = {isa = PBXFileReference; fileEncoding = 4; lastKnownFileType = sourcecode.c.objc; name = XAvailability.m; path = XLib/XCore/Global/XAvailability.m; sourceTree = "<group>"; };
		18A21F061642CC2E004C93DF /* NSArrayAdditions.h */ = {isa = PBXFileReference; fileEncoding = 4; lastKnownFileType = sourcecode.c.h; lineEnding = 0; name = NSArrayAdditions.h; path = XLib/XCore/Additions/NSArrayAdditions.h; sourceTree = "<group>"; xcLanguageSpecificationIdentifier = xcode.lang.objcpp; };
		18A21F071642CC2E004C93DF /* NSArrayAdditions.m */ = {isa = PBXFileReference; fileEncoding = 4; lastKnownFileType = sourcecode.c.objc; lineEnding = 0; name = NSArrayAdditions.m; path = XLib/XCore/Additions/NSArrayAdditions.m; sourceTree = "<group>"; xcLanguageSpecificationIdentifier = xcode.lang.objc; };
		18A3A253164811BE00C19086 /* NSObjectAdditions.h */ = {isa = PBXFileReference; fileEncoding = 4; lastKnownFileType = sourcecode.c.h; name = NSObjectAdditions.h; path = XLib/XCore/Additions/NSObjectAdditions.h; sourceTree = "<group>"; };
		18A3A254164811BE00C19086 /* NSObjectAdditions.m */ = {isa = PBXFileReference; fileEncoding = 4; lastKnownFileType = sourcecode.c.objc; name = NSObjectAdditions.m; path = XLib/XCore/Additions/NSObjectAdditions.m; sourceTree = "<group>"; };
		18AEEF1B16528DF1008D245A /* NSDataAdditions.h */ = {isa = PBXFileReference; fileEncoding = 4; lastKnownFileType = sourcecode.c.h; name = NSDataAdditions.h; path = XLib/XCore/Additions/NSDataAdditions.h; sourceTree = "<group>"; };
		18AEEF1C16528DF1008D245A /* NSDataAdditions.m */ = {isa = PBXFileReference; fileEncoding = 4; lastKnownFileType = sourcecode.c.objc; name = NSDataAdditions.m; path = XLib/XCore/Additions/NSDataAdditions.m; sourceTree = "<group>"; };
		18AEFF4416359EC7005EF160 /* X20.app */ = {isa = PBXFileReference; explicitFileType = wrapper.application; includeInIndex = 0; path = X20.app; sourceTree = BUILT_PRODUCTS_DIR; };
		18AEFF4816359EC7005EF160 /* UIKit.framework */ = {isa = PBXFileReference; lastKnownFileType = wrapper.framework; name = UIKit.framework; path = System/Library/Frameworks/UIKit.framework; sourceTree = SDKROOT; };
		18AEFF4A16359EC7005EF160 /* Foundation.framework */ = {isa = PBXFileReference; lastKnownFileType = wrapper.framework; name = Foundation.framework; path = System/Library/Frameworks/Foundation.framework; sourceTree = SDKROOT; };
		18AEFF4C16359EC7005EF160 /* CoreGraphics.framework */ = {isa = PBXFileReference; lastKnownFileType = wrapper.framework; name = CoreGraphics.framework; path = System/Library/Frameworks/CoreGraphics.framework; sourceTree = SDKROOT; };
		18AEFF5016359EC7005EF160 /* X20-Info.plist */ = {isa = PBXFileReference; lastKnownFileType = text.plist.xml; path = "X20-Info.plist"; sourceTree = "<group>"; };
		18AEFF5216359EC7005EF160 /* en */ = {isa = PBXFileReference; lastKnownFileType = text.plist.strings; name = en; path = en.lproj/InfoPlist.strings; sourceTree = "<group>"; };
		18AEFF5416359EC7005EF160 /* main.m */ = {isa = PBXFileReference; lastKnownFileType = sourcecode.c.objc; path = main.m; sourceTree = "<group>"; };
		18AEFF5616359EC7005EF160 /* X20-Prefix.pch */ = {isa = PBXFileReference; lastKnownFileType = sourcecode.c.h; path = "X20-Prefix.pch"; sourceTree = "<group>"; };
		18AEFF5716359EC7005EF160 /* AppDelegate.h */ = {isa = PBXFileReference; lastKnownFileType = sourcecode.c.h; path = AppDelegate.h; sourceTree = "<group>"; };
		18AEFF5816359EC7005EF160 /* AppDelegate.m */ = {isa = PBXFileReference; lastKnownFileType = sourcecode.c.objc; lineEnding = 0; path = AppDelegate.m; sourceTree = "<group>"; xcLanguageSpecificationIdentifier = xcode.lang.objc; };
		18AEFF5A16359EC7005EF160 /* Default.png */ = {isa = PBXFileReference; lastKnownFileType = image.png; path = Default.png; sourceTree = "<group>"; };
		18AEFF5C16359EC7005EF160 /* Default@2x.png */ = {isa = PBXFileReference; lastKnownFileType = image.png; path = "Default@2x.png"; sourceTree = "<group>"; };
		18AEFF5E16359EC7005EF160 /* Default-568h@2x.png */ = {isa = PBXFileReference; lastKnownFileType = image.png; path = "Default-568h@2x.png"; sourceTree = "<group>"; };
		18AEFF6016359EC7005EF160 /* FirstViewController.h */ = {isa = PBXFileReference; lastKnownFileType = sourcecode.c.h; path = FirstViewController.h; sourceTree = "<group>"; };
		18AEFF6116359EC7005EF160 /* FirstViewController.m */ = {isa = PBXFileReference; lastKnownFileType = sourcecode.c.objc; lineEnding = 0; path = FirstViewController.m; sourceTree = "<group>"; xcLanguageSpecificationIdentifier = xcode.lang.objc; };
		18AEFF6316359EC7005EF160 /* first.png */ = {isa = PBXFileReference; lastKnownFileType = image.png; path = first.png; sourceTree = "<group>"; };
		18AEFF6516359EC7005EF160 /* first@2x.png */ = {isa = PBXFileReference; lastKnownFileType = image.png; path = "first@2x.png"; sourceTree = "<group>"; };
		18AEFF6716359EC7005EF160 /* SecondViewController.h */ = {isa = PBXFileReference; lastKnownFileType = sourcecode.c.h; path = SecondViewController.h; sourceTree = "<group>"; };
		18AEFF6816359EC7005EF160 /* SecondViewController.m */ = {isa = PBXFileReference; lastKnownFileType = sourcecode.c.objc; path = SecondViewController.m; sourceTree = "<group>"; };
		18AEFF6A16359EC7005EF160 /* second.png */ = {isa = PBXFileReference; lastKnownFileType = image.png; path = second.png; sourceTree = "<group>"; };
		18AEFF6C16359EC7005EF160 /* second@2x.png */ = {isa = PBXFileReference; lastKnownFileType = image.png; path = "second@2x.png"; sourceTree = "<group>"; };
		18AEFF6F16359EC7005EF160 /* en */ = {isa = PBXFileReference; lastKnownFileType = file.xib; name = en; path = en.lproj/FirstViewController.xib; sourceTree = "<group>"; };
		18AEFF7216359EC7005EF160 /* en */ = {isa = PBXFileReference; lastKnownFileType = file.xib; name = en; path = en.lproj/SecondViewController.xib; sourceTree = "<group>"; };
		18FCB87C16622D1E004A04A3 /* NSDateAdditions.h */ = {isa = PBXFileReference; fileEncoding = 4; lastKnownFileType = sourcecode.c.h; name = NSDateAdditions.h; path = XLib/XCore/Additions/NSDateAdditions.h; sourceTree = "<group>"; };
		18FCB87D16622D1E004A04A3 /* NSDateAdditions.m */ = {isa = PBXFileReference; fileEncoding = 4; lastKnownFileType = sourcecode.c.objc; name = NSDateAdditions.m; path = XLib/XCore/Additions/NSDateAdditions.m; sourceTree = "<group>"; };
		2E9B3FD6163A7B3200954BA2 /* X20Core.h */ = {isa = PBXFileReference; lastKnownFileType = sourcecode.c.h; name = X20Core.h; path = XLib/XCore/Headers/X20Core.h; sourceTree = "<group>"; };
		2E9B3FD7163A7C2600954BA2 /* X20CoreAdditions.h */ = {isa = PBXFileReference; lastKnownFileType = sourcecode.c.h; name = X20CoreAdditions.h; path = XLib/XCore/Headers/X20CoreAdditions.h; sourceTree = "<group>"; };
		2E9B3FD8163A7C4300954BA2 /* XDebugFlags.h */ = {isa = PBXFileReference; lastKnownFileType = sourcecode.c.h; name = XDebugFlags.h; path = XLib/XCore/Headers/XDebugFlags.h; sourceTree = "<group>"; };
		2E9B3FD9163A7DB100954BA2 /* X20Version.h */ = {isa = PBXFileReference; fileEncoding = 4; lastKnownFileType = sourcecode.c.h; name = X20Version.h; path = XLib/XCore/Global/X20Version.h; sourceTree = "<group>"; };
		2E9B3FDA163A7DB100954BA2 /* X20Version.m */ = {isa = PBXFileReference; fileEncoding = 4; lastKnownFileType = sourcecode.c.objc; name = X20Version.m; path = XLib/XCore/Global/X20Version.m; sourceTree = "<group>"; };
		2E9B3FDF163A80F700954BA2 /* XCorePreprocessorMacros.h */ = {isa = PBXFileReference; lastKnownFileType = sourcecode.c.h; name = XCorePreprocessorMacros.h; path = XLib/XCore/Headers/XCorePreprocessorMacros.h; sourceTree = "<group>"; };
		2EA276881663754A0024F353 /* NSMutableArrayAdditions.h */ = {isa = PBXFileReference; fileEncoding = 4; lastKnownFileType = sourcecode.c.h; name = NSMutableArrayAdditions.h; path = XLib/XCore/Additions/NSMutableArrayAdditions.h; sourceTree = "<group>"; };
		2EA276891663754A0024F353 /* NSMutableArrayAdditions.m */ = {isa = PBXFileReference; fileEncoding = 4; lastKnownFileType = sourcecode.c.objc; name = NSMutableArrayAdditions.m; path = XLib/XCore/Additions/NSMutableArrayAdditions.m; sourceTree = "<group>"; };
		2EA2768B166398430024F353 /* NSMutableDictionaryAdditions.h */ = {isa = PBXFileReference; fileEncoding = 4; lastKnownFileType = sourcecode.c.h; name = NSMutableDictionaryAdditions.h; path = XLib/XCore/Additions/NSMutableDictionaryAdditions.h; sourceTree = "<group>"; };
		2EA2768C166398440024F353 /* NSMutableDictionaryAdditions.m */ = {isa = PBXFileReference; fileEncoding = 4; lastKnownFileType = sourcecode.c.objc; name = NSMutableDictionaryAdditions.m; path = XLib/XCore/Additions/NSMutableDictionaryAdditions.m; sourceTree = "<group>"; };
/* End PBXFileReference section */

/* Begin PBXFrameworksBuildPhase section */
		189C11B9163BEB5F009120B8 /* Frameworks */ = {
			isa = PBXFrameworksBuildPhase;
			buildActionMask = 2147483647;
			files = (
				189C11BF163BEB5F009120B8 /* SenTestingKit.framework in Frameworks */,
				189C11C0163BEB5F009120B8 /* UIKit.framework in Frameworks */,
				189C11C1163BEB5F009120B8 /* Foundation.framework in Frameworks */,
			);
			runOnlyForDeploymentPostprocessing = 0;
		};
		18AEFF4116359EC7005EF160 /* Frameworks */ = {
			isa = PBXFrameworksBuildPhase;
			buildActionMask = 2147483647;
			files = (
				18AEFF4916359EC7005EF160 /* UIKit.framework in Frameworks */,
				18AEFF4B16359EC7005EF160 /* Foundation.framework in Frameworks */,
				18AEFF4D16359EC7005EF160 /* CoreGraphics.framework in Frameworks */,
			);
			runOnlyForDeploymentPostprocessing = 0;
		};
/* End PBXFrameworksBuildPhase section */

/* Begin PBXGroup section */
		189C11B4163BA9F5009120B8 /* Debug */ = {
			isa = PBXGroup;
			children = (
				189C11B5163BAA47009120B8 /* XDebug.h */,
				189C11B6163BAA47009120B8 /* XDebug.m */,
			);
			name = Debug;
			sourceTree = "<group>";
		};
		189C11C2163BEB5F009120B8 /* X20UnitTest */ = {
			isa = PBXGroup;
			children = (
				189C11C8163BEB5F009120B8 /* X20UnitTest.h */,
				189C11C9163BEB5F009120B8 /* X20UnitTest.m */,
				189C11C3163BEB5F009120B8 /* Supporting Files */,
			);
			path = X20UnitTest;
			sourceTree = "<group>";
		};
		189C11C3163BEB5F009120B8 /* Supporting Files */ = {
			isa = PBXGroup;
			children = (
				189C11C4163BEB5F009120B8 /* X20UnitTest-Info.plist */,
				189C11C5163BEB5F009120B8 /* InfoPlist.strings */,
				189C11CB163BEB5F009120B8 /* X20UnitTest-Prefix.pch */,
			);
			name = "Supporting Files";
			sourceTree = "<group>";
		};
		18A21F041642CB74004C93DF /* Additions */ = {
			isa = PBXGroup;
			children = (
				18A21F061642CC2E004C93DF /* NSArrayAdditions.h */,
				18A21F071642CC2E004C93DF /* NSArrayAdditions.m */,
				18A3A253164811BE00C19086 /* NSObjectAdditions.h */,
				18A3A254164811BE00C19086 /* NSObjectAdditions.m */,
				18AEEF1B16528DF1008D245A /* NSDataAdditions.h */,
				18AEEF1C16528DF1008D245A /* NSDataAdditions.m */,
				18FCB87C16622D1E004A04A3 /* NSDateAdditions.h */,
				18FCB87D16622D1E004A04A3 /* NSDateAdditions.m */,
				2EA276881663754A0024F353 /* NSMutableArrayAdditions.h */,
				2EA276891663754A0024F353 /* NSMutableArrayAdditions.m */,
				2EA2768B166398430024F353 /* NSMutableDictionaryAdditions.h */,
				2EA2768C166398440024F353 /* NSMutableDictionaryAdditions.m */,
			);
			name = Additions;
			sourceTree = "<group>";
		};
		18AEFF3916359EC7005EF160 = {
			isa = PBXGroup;
			children = (
				18AEFF7916359FCE005EF160 /* XLib */,
				18AEFF4E16359EC7005EF160 /* X20 */,
				189C11C2163BEB5F009120B8 /* X20UnitTest */,
				18AEFF4716359EC7005EF160 /* Frameworks */,
				18AEFF4516359EC7005EF160 /* Products */,
			);
			sourceTree = "<group>";
		};
		18AEFF4516359EC7005EF160 /* Products */ = {
			isa = PBXGroup;
			children = (
				18AEFF4416359EC7005EF160 /* X20.app */,
				189C11BD163BEB5F009120B8 /* X20UnitTest.octest */,
			);
			name = Products;
			sourceTree = "<group>";
		};
		18AEFF4716359EC7005EF160 /* Frameworks */ = {
			isa = PBXGroup;
			children = (
				18AEFF4816359EC7005EF160 /* UIKit.framework */,
				18AEFF4A16359EC7005EF160 /* Foundation.framework */,
				18AEFF4C16359EC7005EF160 /* CoreGraphics.framework */,
				189C11BE163BEB5F009120B8 /* SenTestingKit.framework */,
			);
			name = Frameworks;
			sourceTree = "<group>";
		};
		18AEFF4E16359EC7005EF160 /* X20 */ = {
			isa = PBXGroup;
			children = (
				18AEFF5716359EC7005EF160 /* AppDelegate.h */,
				18AEFF5816359EC7005EF160 /* AppDelegate.m */,
				18AEFF6016359EC7005EF160 /* FirstViewController.h */,
				18AEFF6116359EC7005EF160 /* FirstViewController.m */,
				18AEFF6316359EC7005EF160 /* first.png */,
				18AEFF6516359EC7005EF160 /* first@2x.png */,
				18AEFF6716359EC7005EF160 /* SecondViewController.h */,
				18AEFF6816359EC7005EF160 /* SecondViewController.m */,
				18AEFF6A16359EC7005EF160 /* second.png */,
				18AEFF6C16359EC7005EF160 /* second@2x.png */,
				18AEFF6E16359EC7005EF160 /* FirstViewController.xib */,
				18AEFF7116359EC7005EF160 /* SecondViewController.xib */,
				18AEFF4F16359EC7005EF160 /* Supporting Files */,
			);
			path = X20;
			sourceTree = "<group>";
		};
		18AEFF4F16359EC7005EF160 /* Supporting Files */ = {
			isa = PBXGroup;
			children = (
				18AEFF5016359EC7005EF160 /* X20-Info.plist */,
				18AEFF5116359EC7005EF160 /* InfoPlist.strings */,
				18AEFF5416359EC7005EF160 /* main.m */,
				18AEFF5616359EC7005EF160 /* X20-Prefix.pch */,
				18AEFF5A16359EC7005EF160 /* Default.png */,
				18AEFF5C16359EC7005EF160 /* Default@2x.png */,
				18AEFF5E16359EC7005EF160 /* Default-568h@2x.png */,
			);
			name = "Supporting Files";
			sourceTree = "<group>";
		};
		18AEFF7916359FCE005EF160 /* XLib */ = {
			isa = PBXGroup;
			children = (
				18AEFF7A1635A003005EF160 /* XCore */,
			);
			name = XLib;
			sourceTree = "<group>";
		};
		18AEFF7A1635A003005EF160 /* XCore */ = {
			isa = PBXGroup;
			children = (
				18A21F041642CB74004C93DF /* Additions */,
				189C11B4163BA9F5009120B8 /* Debug */,
				2E9B3FC2163A671100954BA2 /* Global */,
				2E9B3FD6163A7B3200954BA2 /* X20Core.h */,
				2E9B3FD7163A7C2600954BA2 /* X20CoreAdditions.h */,
				2E9B3FD8163A7C4300954BA2 /* XDebugFlags.h */,
			);
			name = XCore;
			sourceTree = "<group>";
		};
		2E9B3FC2163A671100954BA2 /* Global */ = {
			isa = PBXGroup;
			children = (
				189C11AE163BA089009120B8 /* X20.h */,
				189C11AF163BA089009120B8 /* X20.m */,
				2E9B3FDF163A80F700954BA2 /* XCorePreprocessorMacros.h */,
				2E9B3FD9163A7DB100954BA2 /* X20Version.h */,
				2E9B3FDA163A7DB100954BA2 /* X20Version.m */,
				189C11AA163B8E53009120B8 /* XGlobalCore.h */,
				189C11AB163B8E53009120B8 /* XGlobalCore.m */,
				189C11B1163BA362009120B8 /* XGlobalCoreLocale.h */,
				189C11B2163BA362009120B8 /* XGlobalCoreLocale.m */,
				189C11CF163C07C4009120B8 /* XGlobalCorePaths.h */,
				189C11D0163C07C5009120B8 /* XGlobalCorePaths.m */,
				189C11D2163C2DC9009120B8 /* XGlobalCoreRects.h */,
				189C11D3163C2DCA009120B8 /* XGlobalCoreRects.m */,
				189D492E163EE06F00A1A104 /* XAvailability.h */,
				189D492F163EE06F00A1A104 /* XAvailability.m */,
			);
			name = Global;
			sourceTree = "<group>";
		};
/* End PBXGroup section */

/* Begin PBXNativeTarget section */
		189C11BC163BEB5F009120B8 /* X20UnitTest */ = {
			isa = PBXNativeTarget;
			buildConfigurationList = 189C11CC163BEB5F009120B8 /* Build configuration list for PBXNativeTarget "X20UnitTest" */;
			buildPhases = (
				189C11B8163BEB5F009120B8 /* Sources */,
				189C11B9163BEB5F009120B8 /* Frameworks */,
				189C11BA163BEB5F009120B8 /* Resources */,
				189C11BB163BEB5F009120B8 /* ShellScript */,
			);
			buildRules = (
			);
			dependencies = (
			);
			name = X20UnitTest;
			productName = X20UnitTest;
			productReference = 189C11BD163BEB5F009120B8 /* X20UnitTest.octest */;
			productType = "com.apple.product-type.bundle";
		};
		18AEFF4316359EC7005EF160 /* X20 */ = {
			isa = PBXNativeTarget;
			buildConfigurationList = 18AEFF7616359EC7005EF160 /* Build configuration list for PBXNativeTarget "X20" */;
			buildPhases = (
				18AEFF4016359EC7005EF160 /* Sources */,
				18AEFF4116359EC7005EF160 /* Frameworks */,
				18AEFF4216359EC7005EF160 /* Resources */,
			);
			buildRules = (
			);
			dependencies = (
			);
			name = X20;
			productName = X20;
			productReference = 18AEFF4416359EC7005EF160 /* X20.app */;
			productType = "com.apple.product-type.application";
		};
/* End PBXNativeTarget section */

/* Begin PBXProject section */
		18AEFF3B16359EC7005EF160 /* Project object */ = {
			isa = PBXProject;
			attributes = {
				LastUpgradeCheck = 0450;
				ORGANIZATIONNAME = Gary.Xie;
			};
			buildConfigurationList = 18AEFF3E16359EC7005EF160 /* Build configuration list for PBXProject "X20" */;
			compatibilityVersion = "Xcode 3.2";
			developmentRegion = English;
			hasScannedForEncodings = 0;
			knownRegions = (
				en,
			);
			mainGroup = 18AEFF3916359EC7005EF160;
			productRefGroup = 18AEFF4516359EC7005EF160 /* Products */;
			projectDirPath = "";
			projectRoot = "";
			targets = (
				18AEFF4316359EC7005EF160 /* X20 */,
				189C11BC163BEB5F009120B8 /* X20UnitTest */,
			);
		};
/* End PBXProject section */

/* Begin PBXResourcesBuildPhase section */
		189C11BA163BEB5F009120B8 /* Resources */ = {
			isa = PBXResourcesBuildPhase;
			buildActionMask = 2147483647;
			files = (
				189C11C7163BEB5F009120B8 /* InfoPlist.strings in Resources */,
			);
			runOnlyForDeploymentPostprocessing = 0;
		};
		18AEFF4216359EC7005EF160 /* Resources */ = {
			isa = PBXResourcesBuildPhase;
			buildActionMask = 2147483647;
			files = (
				18AEFF5316359EC7005EF160 /* InfoPlist.strings in Resources */,
				18AEFF5B16359EC7005EF160 /* Default.png in Resources */,
				18AEFF5D16359EC7005EF160 /* Default@2x.png in Resources */,
				18AEFF5F16359EC7005EF160 /* Default-568h@2x.png in Resources */,
				18AEFF6416359EC7005EF160 /* first.png in Resources */,
				18AEFF6616359EC7005EF160 /* first@2x.png in Resources */,
				18AEFF6B16359EC7005EF160 /* second.png in Resources */,
				18AEFF6D16359EC7005EF160 /* second@2x.png in Resources */,
				18AEFF7016359EC7005EF160 /* FirstViewController.xib in Resources */,
				18AEFF7316359EC7005EF160 /* SecondViewController.xib in Resources */,
			);
			runOnlyForDeploymentPostprocessing = 0;
		};
/* End PBXResourcesBuildPhase section */

/* Begin PBXShellScriptBuildPhase section */
		189C11BB163BEB5F009120B8 /* ShellScript */ = {
			isa = PBXShellScriptBuildPhase;
			buildActionMask = 2147483647;
			files = (
			);
			inputPaths = (
			);
			outputPaths = (
			);
			runOnlyForDeploymentPostprocessing = 0;
			shellPath = /bin/sh;
			shellScript = "# Run the unit tests in this test bundle.\n\"${SYSTEM_DEVELOPER_DIR}/Tools/RunUnitTests\"\n";
		};
/* End PBXShellScriptBuildPhase section */

/* Begin PBXSourcesBuildPhase section */
		189C11B8163BEB5F009120B8 /* Sources */ = {
			isa = PBXSourcesBuildPhase;
			buildActionMask = 2147483647;
			files = (
				189C11CA163BEB5F009120B8 /* X20UnitTest.m in Sources */,
			);
			runOnlyForDeploymentPostprocessing = 0;
		};
		18AEFF4016359EC7005EF160 /* Sources */ = {
			isa = PBXSourcesBuildPhase;
			buildActionMask = 2147483647;
			files = (
				18AEFF5516359EC7005EF160 /* main.m in Sources */,
				18AEFF5916359EC7005EF160 /* AppDelegate.m in Sources */,
				18AEFF6216359EC7005EF160 /* FirstViewController.m in Sources */,
				18AEFF6916359EC7005EF160 /* SecondViewController.m in Sources */,
				2E9B3FDB163A7DB100954BA2 /* X20Version.m in Sources */,
				189C11AC163B8E53009120B8 /* XGlobalCore.m in Sources */,
				189C11B0163BA089009120B8 /* X20.m in Sources */,
				189C11B3163BA362009120B8 /* XGlobalCoreLocale.m in Sources */,
				189C11B7163BAA47009120B8 /* XDebug.m in Sources */,
				189C11D1163C07C5009120B8 /* XGlobalCorePaths.m in Sources */,
				189C11D4163C2DCB009120B8 /* XGlobalCoreRects.m in Sources */,
				189D4930163EE06F00A1A104 /* XAvailability.m in Sources */,
				18A21F081642CC2E004C93DF /* NSArrayAdditions.m in Sources */,
				18A3A255164811BE00C19086 /* NSObjectAdditions.m in Sources */,
				18AEEF1D16528DF1008D245A /* NSDataAdditions.m in Sources */,
				18FCB87E16622D1E004A04A3 /* NSDateAdditions.m in Sources */,
				2EA2768A1663754B0024F353 /* NSMutableArrayAdditions.m in Sources */,
				2EA2768D166398440024F353 /* NSMutableDictionaryAdditions.m in Sources */,
			);
			runOnlyForDeploymentPostprocessing = 0;
		};
/* End PBXSourcesBuildPhase section */

/* Begin PBXVariantGroup section */
		189C11C5163BEB5F009120B8 /* InfoPlist.strings */ = {
			isa = PBXVariantGroup;
			children = (
				189C11C6163BEB5F009120B8 /* en */,
			);
			name = InfoPlist.strings;
			sourceTree = "<group>";
		};
		18AEFF5116359EC7005EF160 /* InfoPlist.strings */ = {
			isa = PBXVariantGroup;
			children = (
				18AEFF5216359EC7005EF160 /* en */,
			);
			name = InfoPlist.strings;
			sourceTree = "<group>";
		};
		18AEFF6E16359EC7005EF160 /* FirstViewController.xib */ = {
			isa = PBXVariantGroup;
			children = (
				18AEFF6F16359EC7005EF160 /* en */,
			);
			name = FirstViewController.xib;
			sourceTree = "<group>";
		};
		18AEFF7116359EC7005EF160 /* SecondViewController.xib */ = {
			isa = PBXVariantGroup;
			children = (
				18AEFF7216359EC7005EF160 /* en */,
			);
			name = SecondViewController.xib;
			sourceTree = "<group>";
		};
/* End PBXVariantGroup section */

/* Begin XCBuildConfiguration section */
		189C11CD163BEB5F009120B8 /* Debug */ = {
			isa = XCBuildConfiguration;
			buildSettings = {
				FRAMEWORK_SEARCH_PATHS = (
					"\"$(SDKROOT)/Developer/Library/Frameworks\"",
					"\"$(DEVELOPER_LIBRARY_DIR)/Frameworks\"",
				);
				GCC_PRECOMPILE_PREFIX_HEADER = YES;
				GCC_PREFIX_HEADER = "X20UnitTest/X20UnitTest-Prefix.pch";
				INFOPLIST_FILE = "X20UnitTest/X20UnitTest-Info.plist";
				PRODUCT_NAME = "$(TARGET_NAME)";
				WRAPPER_EXTENSION = octest;
			};
			name = Debug;
		};
		189C11CE163BEB5F009120B8 /* Release */ = {
			isa = XCBuildConfiguration;
			buildSettings = {
				FRAMEWORK_SEARCH_PATHS = (
					"\"$(SDKROOT)/Developer/Library/Frameworks\"",
					"\"$(DEVELOPER_LIBRARY_DIR)/Frameworks\"",
				);
				GCC_PRECOMPILE_PREFIX_HEADER = YES;
				GCC_PREFIX_HEADER = "X20UnitTest/X20UnitTest-Prefix.pch";
				INFOPLIST_FILE = "X20UnitTest/X20UnitTest-Info.plist";
				PRODUCT_NAME = "$(TARGET_NAME)";
				WRAPPER_EXTENSION = octest;
			};
			name = Release;
		};
		18AEFF7416359EC7005EF160 /* Debug */ = {
			isa = XCBuildConfiguration;
			buildSettings = {
				ALWAYS_SEARCH_USER_PATHS = NO;
				CLANG_CXX_LANGUAGE_STANDARD = "gnu++0x";
				CLANG_CXX_LIBRARY = "libc++";
				CLANG_WARN_EMPTY_BODY = YES;
				CLANG_WARN__DUPLICATE_METHOD_MATCH = YES;
				"CODE_SIGN_IDENTITY[sdk=iphoneos*]" = "iPhone Developer";
				COPY_PHASE_STRIP = NO;
				GCC_C_LANGUAGE_STANDARD = gnu99;
				GCC_DYNAMIC_NO_PIC = NO;
				GCC_OPTIMIZATION_LEVEL = 0;
				GCC_PREPROCESSOR_DEFINITIONS = (
					"DEBUG=1",
					"$(inherited)",
				);
				GCC_SYMBOLS_PRIVATE_EXTERN = NO;
				GCC_WARN_ABOUT_RETURN_TYPE = YES;
				GCC_WARN_UNINITIALIZED_AUTOS = YES;
				GCC_WARN_UNUSED_VARIABLE = YES;
				IPHONEOS_DEPLOYMENT_TARGET = 6.0;
				ONLY_ACTIVE_ARCH = YES;
				SDKROOT = iphoneos;
			};
			name = Debug;
		};
		18AEFF7516359EC7005EF160 /* Release */ = {
			isa = XCBuildConfiguration;
			buildSettings = {
				ALWAYS_SEARCH_USER_PATHS = NO;
				CLANG_CXX_LANGUAGE_STANDARD = "gnu++0x";
				CLANG_CXX_LIBRARY = "libc++";
				CLANG_WARN_EMPTY_BODY = YES;
				CLANG_WARN__DUPLICATE_METHOD_MATCH = YES;
				"CODE_SIGN_IDENTITY[sdk=iphoneos*]" = "iPhone Developer";
				COPY_PHASE_STRIP = YES;
				GCC_C_LANGUAGE_STANDARD = gnu99;
				GCC_WARN_ABOUT_RETURN_TYPE = YES;
				GCC_WARN_UNINITIALIZED_AUTOS = YES;
				GCC_WARN_UNUSED_VARIABLE = YES;
				IPHONEOS_DEPLOYMENT_TARGET = 6.0;
				OTHER_CFLAGS = "-DNS_BLOCK_ASSERTIONS=1";
				SDKROOT = iphoneos;
				VALIDATE_PRODUCT = YES;
			};
			name = Release;
		};
		18AEFF7716359EC7005EF160 /* Debug */ = {
			isa = XCBuildConfiguration;
			buildSettings = {
				GCC_PRECOMPILE_PREFIX_HEADER = YES;
				GCC_PREFIX_HEADER = "X20/X20-Prefix.pch";
				INFOPLIST_FILE = "X20/X20-Info.plist";
				PRODUCT_NAME = "$(TARGET_NAME)";
				WRAPPER_EXTENSION = app;
			};
			name = Debug;
		};
		18AEFF7816359EC7005EF160 /* Release */ = {
			isa = XCBuildConfiguration;
			buildSettings = {
				GCC_PRECOMPILE_PREFIX_HEADER = YES;
				GCC_PREFIX_HEADER = "X20/X20-Prefix.pch";
				INFOPLIST_FILE = "X20/X20-Info.plist";
				PRODUCT_NAME = "$(TARGET_NAME)";
				WRAPPER_EXTENSION = app;
			};
			name = Release;
		};
/* End XCBuildConfiguration section */

/* Begin XCConfigurationList section */
		189C11CC163BEB5F009120B8 /* Build configuration list for PBXNativeTarget "X20UnitTest" */ = {
			isa = XCConfigurationList;
			buildConfigurations = (
				189C11CD163BEB5F009120B8 /* Debug */,
				189C11CE163BEB5F009120B8 /* Release */,
			);
			defaultConfigurationIsVisible = 0;
			defaultConfigurationName = Release;
		};
		18AEFF3E16359EC7005EF160 /* Build configuration list for PBXProject "X20" */ = {
			isa = XCConfigurationList;
			buildConfigurations = (
				18AEFF7416359EC7005EF160 /* Debug */,
				18AEFF7516359EC7005EF160 /* Release */,
			);
			defaultConfigurationIsVisible = 0;
			defaultConfigurationName = Release;
		};
		18AEFF7616359EC7005EF160 /* Build configuration list for PBXNativeTarget "X20" */ = {
			isa = XCConfigurationList;
			buildConfigurations = (
				18AEFF7716359EC7005EF160 /* Debug */,
				18AEFF7816359EC7005EF160 /* Release */,
			);
			defaultConfigurationIsVisible = 0;
			defaultConfigurationName = Release;
		};
/* End XCConfigurationList section */
	};
	rootObject = 18AEFF3B16359EC7005EF160 /* Project object */;
}
